
Microsoft Visual Studio Solution File, Format Version 12.00
# Visual Studio Version 16
VisualStudioVersion = 16.0.29424.173
MinimumVisualStudioVersion = 10.0.40219.1
Project("{FAE04EC0-301F-11D3-BF4B-00C04F79EFBC}") = "XamarinSeeNav.Android", "XamarinSeeNav\XamarinSeeNav.Android\XamarinSeeNav.Android.csproj", "{28726A60-F0F0-4C27-A27C-3C2AD8D2A190}"
EndProject
Project("{FAE04EC0-301F-11D3-BF4B-00C04F79EFBC}") = "XamarinSeeNav.iOS", "XamarinSeeNav\XamarinSeeNav.iOS\XamarinSeeNav.iOS.csproj", "{31FEDB67-2B76-430C-8BD8-B0B68BC55E25}"
EndProject
Project("{FAE04EC0-301F-11D3-BF4B-00C04F79EFBC}") = "XamarinSeeNav", "XamarinSeeNav\XamarinSeeNav\XamarinSeeNav.csproj", "{8B6A7A39-D3BE-48D0-889D-C1C7A6454339}"
EndProject
Project("{FAE04EC0-301F-11D3-BF4B-00C04F79EFBC}") = "Logic", "Logic\Logic.csproj", "{CB3F9E38-8F3C-4CE1-9A33-9F734F5C1776}"
EndProject
Global
	GlobalSection(SolutionConfigurationPlatforms) = preSolution
		Debug|Any CPU = Debug|Any CPU
		Debug|ARM = Debug|ARM
		Debug|iPhone = Debug|iPhone
		Debug|iPhoneSimulator = Debug|iPhoneSimulator
		Debug|x64 = Debug|x64
		Debug|x86 = Debug|x86
		Release|Any CPU = Release|Any CPU
		Release|ARM = Release|ARM
		Release|iPhone = Release|iPhone
		Release|iPhoneSimulator = Release|iPhoneSimulator
		Release|x64 = Release|x64
		Release|x86 = Release|x86
	EndGlobalSection
	GlobalSection(ProjectConfigurationPlatforms) = postSolution
		{28726A60-F0F0-4C27-A27C-3C2AD8D2A190}.Debug|Any CPU.ActiveCfg = Debug|Any CPU
		{28726A60-F0F0-4C27-A27C-3C2AD8D2A190}.Debug|Any CPU.Build.0 = Debug|Any CPU
		{28726A60-F0F0-4C27-A27C-3C2AD8D2A190}.Debug|ARM.ActiveCfg = Debug|Any CPU
		{28726A60-F0F0-4C27-A27C-3C2AD8D2A190}.Debug|ARM.Build.0 = Debug|Any CPU
		{28726A60-F0F0-4C27-A27C-3C2AD8D2A190}.Debug|iPhone.ActiveCfg = Debug|Any CPU
		{28726A60-F0F0-4C27-A27C-3C2AD8D2A190}.Debug|iPhone.Build.0 = Debug|Any CPU
		{28726A60-F0F0-4C27-A27C-3C2AD8D2A190}.Debug|iPhoneSimulator.ActiveCfg = Debug|Any CPU
		{28726A60-F0F0-4C27-A27C-3C2AD8D2A190}.Debug|iPhoneSimulator.Build.0 = Debug|Any CPU
		{28726A60-F0F0-4C27-A27C-3C2AD8D2A190}.Debug|x64.ActiveCfg = Debug|Any CPU
		{28726A60-F0F0-4C27-A27C-3C2AD8D2A190}.Debug|x64.Build.0 = Debug|Any CPU
		{28726A60-F0F0-4C27-A27C-3C2AD8D2A190}.Debug|x86.ActiveCfg = Debug|Any CPU
		{28726A60-F0F0-4C27-A27C-3C2AD8D2A190}.Debug|x86.Build.0 = Debug|Any CPU
		{28726A60-F0F0-4C27-A27C-3C2AD8D2A190}.Release|Any CPU.ActiveCfg = Release|Any CPU
		{28726A60-F0F0-4C27-A27C-3C2AD8D2A190}.Release|Any CPU.Build.0 = Release|Any CPU
		{28726A60-F0F0-4C27-A27C-3C2AD8D2A190}.Release|ARM.ActiveCfg = Release|Any CPU
		{28726A60-F0F0-4C27-A27C-3C2AD8D2A190}.Release|ARM.Build.0 = Release|Any CPU
		{28726A60-F0F0-4C27-A27C-3C2AD8D2A190}.Release|iPhone.ActiveCfg = Release|Any CPU
		{28726A60-F0F0-4C27-A27C-3C2AD8D2A190}.Release|iPhone.Build.0 = Release|Any CPU
		{28726A60-F0F0-4C27-A27C-3C2AD8D2A190}.Release|iPhoneSimulator.ActiveCfg = Release|Any CPU
		{28726A60-F0F0-4C27-A27C-3C2AD8D2A190}.Release|iPhoneSimulator.Build.0 = Release|Any CPU
		{28726A60-F0F0-4C27-A27C-3C2AD8D2A190}.Release|x64.ActiveCfg = Release|Any CPU
		{28726A60-F0F0-4C27-A27C-3C2AD8D2A190}.Release|x64.Build.0 = Release|Any CPU
		{28726A60-F0F0-4C27-A27C-3C2AD8D2A190}.Release|x86.ActiveCfg = Release|Any CPU
		{28726A60-F0F0-4C27-A27C-3C2AD8D2A190}.Release|x86.Build.0 = Release|Any CPU
		{31FEDB67-2B76-430C-8BD8-B0B68BC55E25}.Debug|Any CPU.ActiveCfg = Debug|iPhoneSimulator
		{31FEDB67-2B76-430C-8BD8-B0B68BC55E25}.Debug|Any CPU.Build.0 = Debug|iPhoneSimulator
		{31FEDB67-2B76-430C-8BD8-B0B68BC55E25}.Debug|ARM.ActiveCfg = Debug|iPhoneSimulator
		{31FEDB67-2B76-430C-8BD8-B0B68BC55E25}.Debug|ARM.Build.0 = Debug|iPhoneSimulator
		{31FEDB67-2B76-430C-8BD8-B0B68BC55E25}.Debug|iPhone.ActiveCfg = Debug|iPhone
		{31FEDB67-2B76-430C-8BD8-B0B68BC55E25}.Debug|iPhone.Build.0 = Debug|iPhone
		{31FEDB67-2B76-430C-8BD8-B0B68BC55E25}.Debug|iPhoneSimulator.ActiveCfg = Debug|iPhoneSimulator
		{31FEDB67-2B76-430C-8BD8-B0B68BC55E25}.Debug|iPhoneSimulator.Build.0 = Debug|iPhoneSimulator
		{31FEDB67-2B76-430C-8BD8-B0B68BC55E25}.Debug|x64.ActiveCfg = Debug|iPhoneSimulator
		{31FEDB67-2B76-430C-8BD8-B0B68BC55E25}.Debug|x64.Build.0 = Debug|iPhoneSimulator
		{31FEDB67-2B76-430C-8BD8-B0B68BC55E25}.Debug|x86.ActiveCfg = Debug|iPhoneSimulator
		{31FEDB67-2B76-430C-8BD8-B0B68BC55E25}.Debug|x86.Build.0 = Debug|iPhoneSimulator
		{31FEDB67-2B76-430C-8BD8-B0B68BC55E25}.Release|Any CPU.ActiveCfg = Release|iPhoneSimulator
		{31FEDB67-2B76-430C-8BD8-B0B68BC55E25}.Release|Any CPU.Build.0 = Release|iPhoneSimulator
		{31FEDB67-2B76-430C-8BD8-B0B68BC55E25}.Release|ARM.ActiveCfg = Release|iPhoneSimulator
		{31FEDB67-2B76-430C-8BD8-B0B68BC55E25}.Release|ARM.Build.0 = Release|iPhoneSimulator
		{31FEDB67-2B76-430C-8BD8-B0B68BC55E25}.Release|iPhone.ActiveCfg = Release|iPhone
		{31FEDB67-2B76-430C-8BD8-B0B68BC55E25}.Release|iPhone.Build.0 = Release|iPhone
		{31FEDB67-2B76-430C-8BD8-B0B68BC55E25}.Release|iPhoneSimulator.ActiveCfg = Release|iPhoneSimulator
		{31FEDB67-2B76-430C-8BD8-B0B68BC55E25}.Release|iPhoneSimulator.Build.0 = Release|iPhoneSimulator
		{31FEDB67-2B76-430C-8BD8-B0B68BC55E25}.Release|x64.ActiveCfg = Release|iPhoneSimulator
		{31FEDB67-2B76-430C-8BD8-B0B68BC55E25}.Release|x64.Build.0 = Release|iPhoneSimulator
		{31FEDB67-2B76-430C-8BD8-B0B68BC55E25}.Release|x86.ActiveCfg = Release|iPhoneSimulator
		{31FEDB67-2B76-430C-8BD8-B0B68BC55E25}.Release|x86.Build.0 = Release|iPhoneSimulator
		{C24DFDD4-6AB4-499B-8E78-2D7E47085F42}.Debug|Any CPU.ActiveCfg = Debug|Any CPU
		{C24DFDD4-6AB4-499B-8E78-2D7E47085F42}.Debug|Any CPU.Build.0 = Debug|Any CPU
		{C24DFDD4-6AB4-499B-8E78-2D7E47085F42}.Debug|Any CPU.Deploy.0 = Debug|Any CPU
		{C24DFDD4-6AB4-499B-8E78-2D7E47085F42}.Debug|ARM.ActiveCfg = Debug|Any CPU
		{C24DFDD4-6AB4-499B-8E78-2D7E47085F42}.Debug|ARM.Build.0 = Debug|Any CPU
		{C24DFDD4-6AB4-499B-8E78-2D7E47085F42}.Debug|ARM.Deploy.0 = Debug|Any CPU
		{C24DFDD4-6AB4-499B-8E78-2D7E47085F42}.Debug|iPhone.ActiveCfg = Debug|Any CPU
		{C24DFDD4-6AB4-499B-8E78-2D7E47085F42}.Debug|iPhone.Build.0 = Debug|Any CPU
		{C24DFDD4-6AB4-499B-8E78-2D7E47085F42}.Debug|iPhone.Deploy.0 = Debug|Any CPU
		{C24DFDD4-6AB4-499B-8E78-2D7E47085F42}.Debug|iPhoneSimulator.ActiveCfg = Debug|Any CPU
		{C24DFDD4-6AB4-499B-8E78-2D7E47085F42}.Debug|iPhoneSimulator.Build.0 = Debug|Any CPU
		{C24DFDD4-6AB4-499B-8E78-2D7E47085F42}.Debug|iPhoneSimulator.Deploy.0 = Debug|Any CPU
		{C24DFDD4-6AB4-499B-8E78-2D7E47085F42}.Debug|x64.ActiveCfg = Debug|Any CPU
		{C24DFDD4-6AB4-499B-8E78-2D7E47085F42}.Debug|x64.Build.0 = Debug|Any CPU
		{C24DFDD4-6AB4-499B-8E78-2D7E47085F42}.Debug|x64.Deploy.0 = Debug|Any CPU
		{C24DFDD4-6AB4-499B-8E78-2D7E47085F42}.Debug|x86.ActiveCfg = Debug|Any CPU
		{C24DFDD4-6AB4-499B-8E78-2D7E47085F42}.Debug|x86.Build.0 = Debug|Any CPU
		{C24DFDD4-6AB4-499B-8E78-2D7E47085F42}.Debug|x86.Deploy.0 = Debug|Any CPU
		{C24DFDD4-6AB4-499B-8E78-2D7E47085F42}.Release|Any CPU.ActiveCfg = Release|Any CPU
		{C24DFDD4-6AB4-499B-8E78-2D7E47085F42}.Release|Any CPU.Build.0 = Release|Any CPU
		{C24DFDD4-6AB4-499B-8E78-2D7E47085F42}.Release|Any CPU.Deploy.0 = Release|Any CPU
		{C24DFDD4-6AB4-499B-8E78-2D7E47085F42}.Release|ARM.ActiveCfg = Release|Any CPU
		{C24DFDD4-6AB4-499B-8E78-2D7E47085F42}.Release|ARM.Build.0 = Release|Any CPU
		{C24DFDD4-6AB4-499B-8E78-2D7E47085F42}.Release|ARM.Deploy.0 = Release|Any CPU
		{C24DFDD4-6AB4-499B-8E78-2D7E47085F42}.Release|iPhone.ActiveCfg = Release|Any CPU
		{C24DFDD4-6AB4-499B-8E78-2D7E47085F42}.Release|iPhone.Build.0 = Release|Any CPU
		{C24DFDD4-6AB4-499B-8E78-2D7E47085F42}.Release|iPhone.Deploy.0 = Release|Any CPU
		{C24DFDD4-6AB4-499B-8E78-2D7E47085F42}.Release|iPhoneSimulator.ActiveCfg = Release|Any CPU
		{C24DFDD4-6AB4-499B-8E78-2D7E47085F42}.Release|iPhoneSimulator.Build.0 = Release|Any CPU
		{C24DFDD4-6AB4-499B-8E78-2D7E47085F42}.Release|iPhoneSimulator.Deploy.0 = Release|Any CPU
		{C24DFDD4-6AB4-499B-8E78-2D7E47085F42}.Release|x64.ActiveCfg = Release|Any CPU
		{C24DFDD4-6AB4-499B-8E78-2D7E47085F42}.Release|x64.Build.0 = Release|Any CPU
		{C24DFDD4-6AB4-499B-8E78-2D7E47085F42}.Release|x64.Deploy.0 = Release|Any CPU
		{C24DFDD4-6AB4-499B-8E78-2D7E47085F42}.Release|x86.ActiveCfg = Release|Any CPU
		{C24DFDD4-6AB4-499B-8E78-2D7E47085F42}.Release|x86.Build.0 = Release|Any CPU
		{C24DFDD4-6AB4-499B-8E78-2D7E47085F42}.Release|x86.Deploy.0 = Release|Any CPU
		{8B6A7A39-D3BE-48D0-889D-C1C7A6454339}.Debug|Any CPU.ActiveCfg = Debug|Any CPU
		{8B6A7A39-D3BE-48D0-889D-C1C7A6454339}.Debug|Any CPU.Build.0 = Debug|Any CPU
		{8B6A7A39-D3BE-48D0-889D-C1C7A6454339}.Debug|ARM.ActiveCfg = Debug|Any CPU
		{8B6A7A39-D3BE-48D0-889D-C1C7A6454339}.Debug|ARM.Build.0 = Debug|Any CPU
		{8B6A7A39-D3BE-48D0-889D-C1C7A6454339}.Debug|iPhone.ActiveCfg = Debug|Any CPU
		{8B6A7A39-D3BE-48D0-889D-C1C7A6454339}.Debug|iPhone.Build.0 = Debug|Any CPU
		{8B6A7A39-D3BE-48D0-889D-C1C7A6454339}.Debug|iPhoneSimulator.ActiveCfg = Debug|Any CPU
		{8B6A7A39-D3BE-48D0-889D-C1C7A6454339}.Debug|iPhoneSimulator.Build.0 = Debug|Any CPU
		{8B6A7A39-D3BE-48D0-889D-C1C7A6454339}.Debug|x64.ActiveCfg = Debug|Any CPU
		{8B6A7A39-D3BE-48D0-889D-C1C7A6454339}.Debug|x64.Build.0 = Debug|Any CPU
		{8B6A7A39-D3BE-48D0-889D-C1C7A6454339}.Debug|x86.ActiveCfg = Debug|Any CPU
		{8B6A7A39-D3BE-48D0-889D-C1C7A6454339}.Debug|x86.Build.0 = Debug|Any CPU
		{8B6A7A39-D3BE-48D0-889D-C1C7A6454339}.Release|Any CPU.ActiveCfg = Release|Any CPU
		{8B6A7A39-D3BE-48D0-889D-C1C7A6454339}.Release|Any CPU.Build.0 = Release|Any CPU
		{8B6A7A39-D3BE-48D0-889D-C1C7A6454339}.Release|ARM.ActiveCfg = Release|Any CPU
		{8B6A7A39-D3BE-48D0-889D-C1C7A6454339}.Release|ARM.Build.0 = Release|Any CPU
		{8B6A7A39-D3BE-48D0-889D-C1C7A6454339}.Release|iPhone.ActiveCfg = Release|Any CPU
		{8B6A7A39-D3BE-48D0-889D-C1C7A6454339}.Release|iPhone.Build.0 = Release|Any CPU
		{8B6A7A39-D3BE-48D0-889D-C1C7A6454339}.Release|iPhoneSimulator.ActiveCfg = Release|Any CPU
		{8B6A7A39-D3BE-48D0-889D-C1C7A6454339}.Release|iPhoneSimulator.Build.0 = Release|Any CPU
		{8B6A7A39-D3BE-48D0-889D-C1C7A6454339}.Release|x64.ActiveCfg = Release|Any CPU
		{8B6A7A39-D3BE-48D0-889D-C1C7A6454339}.Release|x64.Build.0 = Release|Any CPU
		{8B6A7A39-D3BE-48D0-889D-C1C7A6454339}.Release|x86.ActiveCfg = Release|Any CPU
		{8B6A7A39-D3BE-48D0-889D-C1C7A6454339}.Release|x86.Build.0 = Release|Any CPU
		{CB3F9E38-8F3C-4CE1-9A33-9F734F5C1776}.Debug|Any CPU.ActiveCfg = Debug|Any CPU
		{CB3F9E38-8F3C-4CE1-9A33-9F734F5C1776}.Debug|Any CPU.Build.0 = Debug|Any CPU
		{CB3F9E38-8F3C-4CE1-9A33-9F734F5C1776}.Debug|ARM.ActiveCfg = Debug|Any CPU
		{CB3F9E38-8F3C-4CE1-9A33-9F734F5C1776}.Debug|ARM.Build.0 = Debug|Any CPU
		{CB3F9E38-8F3C-4CE1-9A33-9F734F5C1776}.Debug|iPhone.ActiveCfg = Debug|Any CPU
		{CB3F9E38-8F3C-4CE1-9A33-9F734F5C1776}.Debug|iPhone.Build.0 = Debug|Any CPU
		{CB3F9E38-8F3C-4CE1-9A33-9F734F5C1776}.Debug|iPhoneSimulator.ActiveCfg = Debug|Any CPU
		{CB3F9E38-8F3C-4CE1-9A33-9F734F5C1776}.Debug|iPhoneSimulator.Build.0 = Debug|Any CPU
		{CB3F9E38-8F3C-4CE1-9A33-9F734F5C1776}.Debug|x64.ActiveCfg = Debug|Any CPU
		{CB3F9E38-8F3C-4CE1-9A33-9F734F5C1776}.Debug|x64.Build.0 = Debug|Any CPU
		{CB3F9E38-8F3C-4CE1-9A33-9F734F5C1776}.Debug|x86.ActiveCfg = Debug|Any CPU
		{CB3F9E38-8F3C-4CE1-9A33-9F734F5C1776}.Debug|x86.Build.0 = Debug|Any CPU
		{CB3F9E38-8F3C-4CE1-9A33-9F734F5C1776}.Release|Any CPU.ActiveCfg = Release|Any CPU
		{CB3F9E38-8F3C-4CE1-9A33-9F734F5C1776}.Release|Any CPU.Build.0 = Release|Any CPU
		{CB3F9E38-8F3C-4CE1-9A33-9F734F5C1776}.Release|ARM.ActiveCfg = Release|Any CPU
		{CB3F9E38-8F3C-4CE1-9A33-9F734F5C1776}.Release|ARM.Build.0 = Release|Any CPU
		{CB3F9E38-8F3C-4CE1-9A33-9F734F5C1776}.Release|iPhone.ActiveCfg = Release|Any CPU
		{CB3F9E38-8F3C-4CE1-9A33-9F734F5C1776}.Release|iPhone.Build.0 = Release|Any CPU
		{CB3F9E38-8F3C-4CE1-9A33-9F734F5C1776}.Release|iPhoneSimulator.ActiveCfg = Release|Any CPU
		{CB3F9E38-8F3C-4CE1-9A33-9F734F5C1776}.Release|iPhoneSimulator.Build.0 = Release|Any CPU
		{CB3F9E38-8F3C-4CE1-9A33-9F734F5C1776}.Release|x64.ActiveCfg = Release|Any CPU
		{CB3F9E38-8F3C-4CE1-9A33-9F734F5C1776}.Release|x64.Build.0 = Release|Any CPU
		{CB3F9E38-8F3C-4CE1-9A33-9F734F5C1776}.Release|x86.ActiveCfg = Release|Any CPU
		{CB3F9E38-8F3C-4CE1-9A33-9F734F5C1776}.Release|x86.Build.0 = Release|Any CPU
	EndGlobalSection
	GlobalSection(SolutionProperties) = preSolution
		HideSolutionNode = FALSE
	EndGlobalSection
	GlobalSection(ExtensibilityGlobals) = postSolution
		SolutionGuid = {ADBD7130-1AA0-4482-A206-99BB4EE075B4}
	EndGlobalSection
EndGlobal
